
Microsoft Visual Studio Solution File, Format Version 12.00
# Visual Studio Version 17
VisualStudioVersion = 17.10.35004.147
MinimumVisualStudioVersion = 10.0.40219.1
Project("{FAE04EC0-301F-11D3-BF4B-00C04F79EFBC}") = "To_do_list", "To_do_list.csproj", "{57A544DB-8058-47A3-8CAE-13F178C2F021}"
EndProject
Global
	GlobalSection(SolutionConfigurationPlatforms) = preSolution
		Debug|Any CPU = Debug|Any CPU
		Release|Any CPU = Release|Any CPU
	EndGlobalSection
	GlobalSection(ProjectConfigurationPlatforms) = postSolution
		{57A544DB-8058-47A3-8CAE-13F178C2F021}.Debug|Any CPU.ActiveCfg = Debug|Any CPU
		{57A544DB-8058-47A3-8CAE-13F178C2F021}.Debug|Any CPU.Build.0 = Debug|Any CPU
		{57A544DB-8058-47A3-8CAE-13F178C2F021}.Release|Any CPU.ActiveCfg = Release|Any CPU
		{57A544DB-8058-47A3-8CAE-13F178C2F021}.Release|Any CPU.Build.0 = Release|Any CPU
	EndGlobalSection
	GlobalSection(SolutionProperties) = preSolution
		HideSolutionNode = FALSE
	EndGlobalSection
	GlobalSection(ExtensibilityGlobals) = postSolution
		SolutionGuid = {914091C0-9E2A-4904-B66E-4E7BD9FB1644}
	EndGlobalSection
EndGlobal
